
Microsoft Visual Studio Solution File, Format Version 12.00
# Visual Studio Version 16
VisualStudioVersion = 16.0.30907.101
MinimumVisualStudioVersion = 10.0.40219.1
Project("{9A19103F-16F7-4668-BE54-9A1E7A4F7556}") = "TigerGraphAzureLoad", "TigerGraphAzureLoad.csproj", "{919FDC1C-7B07-401E-8E5A-856A828AC8A0}"
EndProject
Project("{2150E333-8FDC-42A3-9474-1A3956D46DE8}") = "Docs", "Docs", "{DC5D16D7-3278-45BF-8CEB-B4446DB3DAE8}"
	ProjectSection(SolutionItems) = preProject
		docs\Architecture.png = docs\Architecture.png
	EndProjectSection
EndProject
Global
	GlobalSection(SolutionConfigurationPlatforms) = preSolution
		Debug|Any CPU = Debug|Any CPU
		Release|Any CPU = Release|Any CPU
	EndGlobalSection
	GlobalSection(ProjectConfigurationPlatforms) = postSolution
		{919FDC1C-7B07-401E-8E5A-856A828AC8A0}.Debug|Any CPU.ActiveCfg = Debug|Any CPU
		{919FDC1C-7B07-401E-8E5A-856A828AC8A0}.Debug|Any CPU.Build.0 = Debug|Any CPU
		{919FDC1C-7B07-401E-8E5A-856A828AC8A0}.Release|Any CPU.ActiveCfg = Release|Any CPU
		{919FDC1C-7B07-401E-8E5A-856A828AC8A0}.Release|Any CPU.Build.0 = Release|Any CPU
	EndGlobalSection
	GlobalSection(SolutionProperties) = preSolution
		HideSolutionNode = FALSE
	EndGlobalSection
	GlobalSection(ExtensibilityGlobals) = postSolution
		SolutionGuid = {BAB42FC1-267D-4B6F-9F2C-7866361B17B7}
	EndGlobalSection
EndGlobal
